
Microsoft Visual Studio Solution File, Format Version 12.00
# Visual Studio 15
VisualStudioVersion = 15.0.26403.3
MinimumVisualStudioVersion = 10.0.40219.1
Project("{9A19103F-16F7-4668-BE54-9A1E7A4F7556}") = "mywebapi", "mywebapi\mywebapi.csproj", "{7EE1AE8A-32ED-4C89-9B75-B33B72D95799}"
EndProject
Project("{9A19103F-16F7-4668-BE54-9A1E7A4F7556}") = "mywebapp", "mywebapp\mywebapp.csproj", "{E6A1FD09-FB0D-4C4A-B820-44940D399AC0}"
EndProject
Project("{2150E333-8FDC-42A3-9474-1A3956D46DE8}") = "Solution Items", "Solution Items", "{9F09BAD8-4037-4877-BED8-F9EC6396E2B5}"
	ProjectSection(SolutionItems) = preProject
		backend-webapi.yaml = backend-webapi.yaml
		docker-compose.yml = docker-compose.yml
		docker-compose.yml.dcos = docker-compose.yml.dcos
		frontend-webapp.yaml = frontend-webapp.yaml
	EndProjectSection
EndProject
Global
	GlobalSection(SolutionConfigurationPlatforms) = preSolution
		Debug|Any CPU = Debug|Any CPU
		Release|Any CPU = Release|Any CPU
	EndGlobalSection
	GlobalSection(ProjectConfigurationPlatforms) = postSolution
		{7EE1AE8A-32ED-4C89-9B75-B33B72D95799}.Debug|Any CPU.ActiveCfg = Debug|Any CPU
		{7EE1AE8A-32ED-4C89-9B75-B33B72D95799}.Debug|Any CPU.Build.0 = Debug|Any CPU
		{7EE1AE8A-32ED-4C89-9B75-B33B72D95799}.Release|Any CPU.ActiveCfg = Release|Any CPU
		{7EE1AE8A-32ED-4C89-9B75-B33B72D95799}.Release|Any CPU.Build.0 = Release|Any CPU
		{E6A1FD09-FB0D-4C4A-B820-44940D399AC0}.Debug|Any CPU.ActiveCfg = Debug|Any CPU
		{E6A1FD09-FB0D-4C4A-B820-44940D399AC0}.Debug|Any CPU.Build.0 = Debug|Any CPU
		{E6A1FD09-FB0D-4C4A-B820-44940D399AC0}.Release|Any CPU.ActiveCfg = Release|Any CPU
		{E6A1FD09-FB0D-4C4A-B820-44940D399AC0}.Release|Any CPU.Build.0 = Release|Any CPU
	EndGlobalSection
	GlobalSection(SolutionProperties) = preSolution
		HideSolutionNode = FALSE
	EndGlobalSection
EndGlobal
